// !$*UTF8*$!
{
	archiveVersion = 1;
	classes = {
	};
	objectVersion = 50;
	objects = {

/* Begin PBXBuildFile section */
		B42BA52221E919A50030E74F /* RELBookDetailController.m in Sources */ = {isa = PBXBuildFile; fileRef = B42BA52121E919A50030E74F /* RELBookDetailController.m */; };
		B42BA52421E91F3E0030E74F /* AddBook.storyboard in Resources */ = {isa = PBXBuildFile; fileRef = B42BA52321E91F3E0030E74F /* AddBook.storyboard */; };
		B4864F6D21E8259200EB67CE /* RELAppDelegate.m in Sources */ = {isa = PBXBuildFile; fileRef = B4864F6C21E8259200EB67CE /* RELAppDelegate.m */; };
		B4864F7321E8259200EB67CE /* Main.storyboard in Resources */ = {isa = PBXBuildFile; fileRef = B4864F7121E8259200EB67CE /* Main.storyboard */; };
		B4864F7521E8259200EB67CE /* Assets.xcassets in Resources */ = {isa = PBXBuildFile; fileRef = B4864F7421E8259200EB67CE /* Assets.xcassets */; };
		B4864F7821E8259200EB67CE /* LaunchScreen.storyboard in Resources */ = {isa = PBXBuildFile; fileRef = B4864F7621E8259200EB67CE /* LaunchScreen.storyboard */; };
		B4864F7B21E8259200EB67CE /* main.m in Sources */ = {isa = PBXBuildFile; fileRef = B4864F7A21E8259200EB67CE /* main.m */; };
		B4864F8321E8342100EB67CE /* RELReadingListController.m in Sources */ = {isa = PBXBuildFile; fileRef = B4864F8221E8342100EB67CE /* RELReadingListController.m */; };
		B4864F8621E913A700EB67CE /* EditBook.storyboard in Resources */ = {isa = PBXBuildFile; fileRef = B4864F8421E913A700EB67CE /* EditBook.storyboard */; };
/* End PBXBuildFile section */

/* Begin PBXFileReference section */
		B42BA52021E919A50030E74F /* RELBookDetailController.h */ = {isa = PBXFileReference; lastKnownFileType = sourcecode.c.h; path = RELBookDetailController.h; sourceTree = "<group>"; };
		B42BA52121E919A50030E74F /* RELBookDetailController.m */ = {isa = PBXFileReference; lastKnownFileType = sourcecode.c.objc; path = RELBookDetailController.m; sourceTree = "<group>"; };
		B42BA52321E91F3E0030E74F /* AddBook.storyboard */ = {isa = PBXFileReference; fileEncoding = 4; lastKnownFileType = file.storyboard; path = AddBook.storyboard; sourceTree = "<group>"; };
		B4864F6821E8259200EB67CE /* ReadingList.app */ = {isa = PBXFileReference; explicitFileType = wrapper.application; includeInIndex = 0; path = ReadingList.app; sourceTree = BUILT_PRODUCTS_DIR; };
		B4864F6B21E8259200EB67CE /* RELAppDelegate.h */ = {isa = PBXFileReference; lastKnownFileType = sourcecode.c.h; path = RELAppDelegate.h; sourceTree = "<group>"; };
		B4864F6C21E8259200EB67CE /* RELAppDelegate.m */ = {isa = PBXFileReference; lastKnownFileType = sourcecode.c.objc; path = RELAppDelegate.m; sourceTree = "<group>"; };
		B4864F7221E8259200EB67CE /* Base */ = {isa = PBXFileReference; lastKnownFileType = file.storyboard; name = Base; path = Base.lproj/Main.storyboard; sourceTree = "<group>"; };
		B4864F7421E8259200EB67CE /* Assets.xcassets */ = {isa = PBXFileReference; lastKnownFileType = folder.assetcatalog; path = Assets.xcassets; sourceTree = "<group>"; };
		B4864F7721E8259200EB67CE /* Base */ = {isa = PBXFileReference; lastKnownFileType = file.storyboard; name = Base; path = Base.lproj/LaunchScreen.storyboard; sourceTree = "<group>"; };
		B4864F7921E8259200EB67CE /* Info.plist */ = {isa = PBXFileReference; lastKnownFileType = text.plist.xml; path = Info.plist; sourceTree = "<group>"; };
		B4864F7A21E8259200EB67CE /* main.m */ = {isa = PBXFileReference; lastKnownFileType = sourcecode.c.objc; path = main.m; sourceTree = "<group>"; };
		B4864F8121E8342100EB67CE /* RELReadingListController.h */ = {isa = PBXFileReference; lastKnownFileType = sourcecode.c.h; path = RELReadingListController.h; sourceTree = "<group>"; };
		B4864F8221E8342100EB67CE /* RELReadingListController.m */ = {isa = PBXFileReference; lastKnownFileType = sourcecode.c.objc; path = RELReadingListController.m; sourceTree = "<group>"; };
		B4864F8521E913A700EB67CE /* Base */ = {isa = PBXFileReference; lastKnownFileType = file.storyboard; name = Base; path = ReadingList/Base.lproj/EditBook.storyboard; sourceTree = "<group>"; };
/* End PBXFileReference section */

/* Begin PBXFrameworksBuildPhase section */
		B4864F6521E8259200EB67CE /* Frameworks */ = {
			isa = PBXFrameworksBuildPhase;
			buildActionMask = 2147483647;
			files = (
			);
			runOnlyForDeploymentPostprocessing = 0;
		};
/* End PBXFrameworksBuildPhase section */

/* Begin PBXGroup section */
		B4864F5F21E8259200EB67CE = {
			isa = PBXGroup;
			children = (
				B4864F6A21E8259200EB67CE /* ReadingList */,
				B4864F6921E8259200EB67CE /* Products */,
			);
			sourceTree = "<group>";
		};
		B4864F6921E8259200EB67CE /* Products */ = {
			isa = PBXGroup;
			children = (
				B4864F6821E8259200EB67CE /* ReadingList.app */,
			);
			name = Products;
			sourceTree = "<group>";
		};
		B4864F6A21E8259200EB67CE /* ReadingList */ = {
			isa = PBXGroup;
			children = (
				B4864F6B21E8259200EB67CE /* RELAppDelegate.h */,
				B4864F6C21E8259200EB67CE /* RELAppDelegate.m */,
				B4864F8121E8342100EB67CE /* RELReadingListController.h */,
				B4864F8221E8342100EB67CE /* RELReadingListController.m */,
				B42BA52021E919A50030E74F /* RELBookDetailController.h */,
				B42BA52121E919A50030E74F /* RELBookDetailController.m */,
				B42BA52321E91F3E0030E74F /* AddBook.storyboard */,
				B4864F8421E913A700EB67CE /* EditBook.storyboard */,
				B4864F7121E8259200EB67CE /* Main.storyboard */,
				B4864F7421E8259200EB67CE /* Assets.xcassets */,
				B4864F7621E8259200EB67CE /* LaunchScreen.storyboard */,
				B4864F7921E8259200EB67CE /* Info.plist */,
				B4864F7A21E8259200EB67CE /* main.m */,
			);
			path = ReadingList;
			sourceTree = "<group>";
		};
/* End PBXGroup section */

/* Begin PBXNativeTarget section */
		B4864F6721E8259200EB67CE /* ReadingList */ = {
			isa = PBXNativeTarget;
			buildConfigurationList = B4864F7E21E8259200EB67CE /* Build configuration list for PBXNativeTarget "ReadingList" */;
			buildPhases = (
				B4864F6421E8259200EB67CE /* Sources */,
				B4864F6521E8259200EB67CE /* Frameworks */,
				B4864F6621E8259200EB67CE /* Resources */,
			);
			buildRules = (
			);
			dependencies = (
			);
			name = ReadingList;
			productName = ReadingList;
			productReference = B4864F6821E8259200EB67CE /* ReadingList.app */;
			productType = "com.apple.product-type.application";
		};
/* End PBXNativeTarget section */

/* Begin PBXProject section */
		B4864F6021E8259200EB67CE /* Project object */ = {
			isa = PBXProject;
			attributes = {
				LastUpgradeCheck = 1010;
				ORGANIZATIONNAME = "About Objects";
				TargetAttributes = {
					B4864F6721E8259200EB67CE = {
						CreatedOnToolsVersion = 10.1;
					};
				};
			};
			buildConfigurationList = B4864F6321E8259200EB67CE /* Build configuration list for PBXProject "ReadingList" */;
			compatibilityVersion = "Xcode 9.3";
			developmentRegion = en;
			hasScannedForEncodings = 0;
			knownRegions = (
				en,
				Base,
			);
			mainGroup = B4864F5F21E8259200EB67CE;
			productRefGroup = B4864F6921E8259200EB67CE /* Products */;
			projectDirPath = "";
			projectRoot = "";
			targets = (
				B4864F6721E8259200EB67CE /* ReadingList */,
			);
		};
/* End PBXProject section */

/* Begin PBXResourcesBuildPhase section */
		B4864F6621E8259200EB67CE /* Resources */ = {
			isa = PBXResourcesBuildPhase;
			buildActionMask = 2147483647;
			files = (
				B4864F7821E8259200EB67CE /* LaunchScreen.storyboard in Resources */,
				B4864F7521E8259200EB67CE /* Assets.xcassets in Resources */,
				B4864F7321E8259200EB67CE /* Main.storyboard in Resources */,
				B42BA52421E91F3E0030E74F /* AddBook.storyboard in Resources */,
				B4864F8621E913A700EB67CE /* EditBook.storyboard in Resources */,
			);
			runOnlyForDeploymentPostprocessing = 0;
		};
/* End PBXResourcesBuildPhase section */

/* Begin PBXSourcesBuildPhase section */
		B4864F6421E8259200EB67CE /* Sources */ = {
			isa = PBXSourcesBuildPhase;
			buildActionMask = 2147483647;
			files = (
				B4864F7B21E8259200EB67CE /* main.m in Sources */,
				B4864F8321E8342100EB67CE /* RELReadingListController.m in Sources */,
				B4864F6D21E8259200EB67CE /* RELAppDelegate.m in Sources */,
				B42BA52221E919A50030E74F /* RELBookDetailController.m in Sources */,
			);
			runOnlyForDeploymentPostprocessing = 0;
		};
/* End PBXSourcesBuildPhase section */

/* Begin PBXVariantGroup section */
		B4864F7121E8259200EB67CE /* Main.storyboard */ = {
			isa = PBXVariantGroup;
			children = (
				B4864F7221E8259200EB67CE /* Base */,
			);
			name = Main.storyboard;
			sourceTree = "<group>";
		};
		B4864F7621E8259200EB67CE /* LaunchScreen.storyboard */ = {
			isa = PBXVariantGroup;
			children = (
				B4864F7721E8259200EB67CE /* Base */,
			);
			name = LaunchScreen.storyboard;
			sourceTree = "<group>";
		};
		B4864F8421E913A700EB67CE /* EditBook.storyboard */ = {
			isa = PBXVariantGroup;
			children = (
				B4864F8521E913A700EB67CE /* Base */,
			);
			name = EditBook.storyboard;
			sourceTree = "<group>";
		};
/* End PBXVariantGroup section */

/* Begin XCBuildConfiguration section */
		B4864F7C21E8259200EB67CE /* Debug */ = {
			isa = XCBuildConfiguration;
			buildSettings = {
				ALWAYS_SEARCH_USER_PATHS = NO;
				CLANG_ANALYZER_NONNULL = YES;
				CLANG_ANALYZER_NUMBER_OBJECT_CONVERSION = YES_AGGRESSIVE;
				CLANG_CXX_LANGUAGE_STANDARD = "gnu++14";
				CLANG_CXX_LIBRARY = "libc++";
				CLANG_ENABLE_MODULES = YES;
				CLANG_ENABLE_OBJC_ARC = YES;
				CLANG_ENABLE_OBJC_WEAK = YES;
				CLANG_WARN_BLOCK_CAPTURE_AUTORELEASING = YES;
				CLANG_WARN_BOOL_CONVERSION = YES;
				CLANG_WARN_COMMA = YES;
				CLANG_WARN_CONSTANT_CONVERSION = YES;
				CLANG_WARN_DEPRECATED_OBJC_IMPLEMENTATIONS = YES;
				CLANG_WARN_DIRECT_OBJC_ISA_USAGE = YES_ERROR;
				CLANG_WARN_DOCUMENTATION_COMMENTS = YES;
				CLANG_WARN_EMPTY_BODY = YES;
				CLANG_WARN_ENUM_CONVERSION = YES;
				CLANG_WARN_INFINITE_RECURSION = YES;
				CLANG_WARN_INT_CONVERSION = YES;
				CLANG_WARN_NON_LITERAL_NULL_CONVERSION = YES;
				CLANG_WARN_OBJC_IMPLICIT_RETAIN_SELF = YES;
				CLANG_WARN_OBJC_LITERAL_CONVERSION = YES;
				CLANG_WARN_OBJC_ROOT_CLASS = YES_ERROR;
				CLANG_WARN_RANGE_LOOP_ANALYSIS = YES;
				CLANG_WARN_STRICT_PROTOTYPES = YES;
				CLANG_WARN_SUSPICIOUS_MOVE = YES;
				CLANG_WARN_UNGUARDED_AVAILABILITY = YES_AGGRESSIVE;
				CLANG_WARN_UNREACHABLE_CODE = YES;
				CLANG_WARN__DUPLICATE_METHOD_MATCH = YES;
				CODE_SIGN_IDENTITY = "iPhone Developer";
				COPY_PHASE_STRIP = NO;
				DEBUG_INFORMATION_FORMAT = dwarf;
				ENABLE_STRICT_OBJC_MSGSEND = YES;
				ENABLE_TESTABILITY = YES;
				GCC_C_LANGUAGE_STANDARD = gnu11;
				GCC_DYNAMIC_NO_PIC = NO;
				GCC_NO_COMMON_BLOCKS = YES;
				GCC_OPTIMIZATION_LEVEL = 0;
				GCC_PREPROCESSOR_DEFINITIONS = (
					"DEBUG=1",
					"$(inherited)",
				);
				GCC_WARN_64_TO_32_BIT_CONVERSION = YES;
				GCC_WARN_ABOUT_RETURN_TYPE = YES_ERROR;
				GCC_WARN_UNDECLARED_SELECTOR = YES;
				GCC_WARN_UNINITIALIZED_AUTOS = YES_AGGRESSIVE;
				GCC_WARN_UNUSED_FUNCTION = YES;
				GCC_WARN_UNUSED_VARIABLE = YES;
				IPHONEOS_DEPLOYMENT_TARGET = 12.1;
				MTL_ENABLE_DEBUG_INFO = INCLUDE_SOURCE;
				MTL_FAST_MATH = YES;
				ONLY_ACTIVE_ARCH = YES;
				SDKROOT = iphoneos;
			};
			name = Debug;
		};
		B4864F7D21E8259200EB67CE /* Release */ = {
			isa = XCBuildConfiguration;
			buildSettings = {
				ALWAYS_SEARCH_USER_PATHS = NO;
				CLANG_ANALYZER_NONNULL = YES;
				CLANG_ANALYZER_NUMBER_OBJECT_CONVERSION = YES_AGGRESSIVE;
				CLANG_CXX_LANGUAGE_STANDARD = "gnu++14";
				CLANG_CXX_LIBRARY = "libc++";
				CLANG_ENABLE_MODULES = YES;
				CLANG_ENABLE_OBJC_ARC = YES;
				CLANG_ENABLE_OBJC_WEAK = YES;
				CLANG_WARN_BLOCK_CAPTURE_AUTORELEASING = YES;
				CLANG_WARN_BOOL_CONVERSION = YES;
				CLANG_WARN_COMMA = YES;
				CLANG_WARN_CONSTANT_CONVERSION = YES;
				CLANG_WARN_DEPRECATED_OBJC_IMPLEMENTATIONS = YES;
				CLANG_WARN_DIRECT_OBJC_ISA_USAGE = YES_ERROR;
				CLANG_WARN_DOCUMENTATION_COMMENTS = YES;
				CLANG_WARN_EMPTY_BODY = YES;
				CLANG_WARN_ENUM_CONVERSION = YES;
				CLANG_WARN_INFINITE_RECURSION = YES;
				CLANG_WARN_INT_CONVERSION = YES;
				CLANG_WARN_NON_LITERAL_NULL_CONVERSION = YES;
				CLANG_WARN_OBJC_IMPLICIT_RETAIN_SELF = YES;
				CLANG_WARN_OBJC_LITERAL_CONVERSION = YES;
				CLANG_WARN_OBJC_ROOT_CLASS = YES_ERROR;
				CLANG_WARN_RANGE_LOOP_ANALYSIS = YES;
				CLANG_WARN_STRICT_PROTOTYPES = YES;
				CLANG_WARN_SUSPICIOUS_MOVE = YES;
				CLANG_WARN_UNGUARDED_AVAILABILITY = YES_AGGRESSIVE;
				CLANG_WARN_UNREACHABLE_CODE = YES;
				CLANG_WARN__DUPLICATE_METHOD_MATCH = YES;
				CODE_SIGN_IDENTITY = "iPhone Developer";
				COPY_PHASE_STRIP = NO;
				DEBUG_INFORMATION_FORMAT = "dwarf-with-dsym";
				ENABLE_NS_ASSERTIONS = NO;
				ENABLE_STRICT_OBJC_MSGSEND = YES;
				GCC_C_LANGUAGE_STANDARD = gnu11;
				GCC_NO_COMMON_BLOCKS = YES;
				GCC_WARN_64_TO_32_BIT_CONVERSION = YES;
				GCC_WARN_ABOUT_RETURN_TYPE = YES_ERROR;
				GCC_WARN_UNDECLARED_SELECTOR = YES;
				GCC_WARN_UNINITIALIZED_AUTOS = YES_AGGRESSIVE;
				GCC_WARN_UNUSED_FUNCTION = YES;
				GCC_WARN_UNUSED_VARIABLE = YES;
				IPHONEOS_DEPLOYMENT_TARGET = 12.1;
				MTL_ENABLE_DEBUG_INFO = NO;
				MTL_FAST_MATH = YES;
				SDKROOT = iphoneos;
				VALIDATE_PRODUCT = YES;
			};
			name = Release;
		};
		B4864F7F21E8259200EB67CE /* Debug */ = {
			isa = XCBuildConfiguration;
			buildSettings = {
				ASSETCATALOG_COMPILER_APPICON_NAME = AppIcon;
				CODE_SIGN_STYLE = Automatic;
				DEVELOPMENT_TEAM = 7J7LD9SB6Q;
				INFOPLIST_FILE = ReadingList/Info.plist;
				LD_RUNPATH_SEARCH_PATHS = (
					"$(inherited)",
					"@executable_path/Frameworks",
				);
				PRODUCT_BUNDLE_IDENTIFIER = com.aboutobjects.ReadingList;
				PRODUCT_NAME = "$(TARGET_NAME)";
				TARGETED_DEVICE_FAMILY = "1,2";
			};
			name = Debug;
		};
		B4864F8021E8259200EB67CE /* Release */ = {
			isa = XCBuildConfiguration;
			buildSettings = {
				ASSETCATALOG_COMPILER_APPICON_NAME = AppIcon;
				CODE_SIGN_STYLE = Automatic;
				DEVELOPMENT_TEAM = 7J7LD9SB6Q;
				INFOPLIST_FILE = ReadingList/Info.plist;
				LD_RUNPATH_SEARCH_PATHS = (
					"$(inherited)",
					"@executable_path/Frameworks",
				);
				PRODUCT_BUNDLE_IDENTIFIER = com.aboutobjects.ReadingList;
				PRODUCT_NAME = "$(TARGET_NAME)";
				TARGETED_DEVICE_FAMILY = "1,2";
			};
			name = Release;
		};
/* End XCBuildConfiguration section */

/* Begin XCConfigurationList section */
		B4864F6321E8259200EB67CE /* Build configuration list for PBXProject "ReadingList" */ = {
			isa = XCConfigurationList;
			buildConfigurations = (
				B4864F7C21E8259200EB67CE /* Debug */,
				B4864F7D21E8259200EB67CE /* Release */,
			);
			defaultConfigurationIsVisible = 0;
			defaultConfigurationName = Release;
		};
		B4864F7E21E8259200EB67CE /* Build configuration list for PBXNativeTarget "ReadingList" */ = {
			isa = XCConfigurationList;
			buildConfigurations = (
				B4864F7F21E8259200EB67CE /* Debug */,
				B4864F8021E8259200EB67CE /* Release */,
			);
			defaultConfigurationIsVisible = 0;
			defaultConfigurationName = Release;
		};
/* End XCConfigurationList section */
	};
	rootObject = B4864F6021E8259200EB67CE /* Project object */;
}
